
Microsoft Visual Studio Solution File, Format Version 12.00
# Visual Studio Version 17
VisualStudioVersion = 17.0.31903.59
MinimumVisualStudioVersion = 10.0.40219.1
Project("{FAE04EC0-301F-11D3-BF4B-00C04F79EFBC}") = "SampleProgram", "SampleProgram\SampleProgram.csproj", "{73EC5588-DAD4-4DA4-B414-EBE5BE27B6FF}"
EndProject
Project("{FAE04EC0-301F-11D3-BF4B-00C04F79EFBC}") = "TestSampleProgram", "TestSampleProgram\TestSampleProgram.csproj", "{2F95B462-B2ED-45AB-973E-650D67655204}"
EndProject
Global
	GlobalSection(SolutionConfigurationPlatforms) = preSolution
		Debug|Any CPU = Debug|Any CPU
		Release|Any CPU = Release|Any CPU
	EndGlobalSection
	GlobalSection(ProjectConfigurationPlatforms) = postSolution
		{73EC5588-DAD4-4DA4-B414-EBE5BE27B6FF}.Debug|Any CPU.ActiveCfg = Debug|Any CPU
		{73EC5588-DAD4-4DA4-B414-EBE5BE27B6FF}.Debug|Any CPU.Build.0 = Debug|Any CPU
		{73EC5588-DAD4-4DA4-B414-EBE5BE27B6FF}.Release|Any CPU.ActiveCfg = Release|Any CPU
		{73EC5588-DAD4-4DA4-B414-EBE5BE27B6FF}.Release|Any CPU.Build.0 = Release|Any CPU
		{2F95B462-B2ED-45AB-973E-650D67655204}.Debug|Any CPU.ActiveCfg = Debug|Any CPU
		{2F95B462-B2ED-45AB-973E-650D67655204}.Debug|Any CPU.Build.0 = Debug|Any CPU
		{2F95B462-B2ED-45AB-973E-650D67655204}.Release|Any CPU.ActiveCfg = Release|Any CPU
		{2F95B462-B2ED-45AB-973E-650D67655204}.Release|Any CPU.Build.0 = Release|Any CPU
	EndGlobalSection
	GlobalSection(SolutionProperties) = preSolution
		HideSolutionNode = FALSE
	EndGlobalSection
	GlobalSection(ExtensibilityGlobals) = postSolution
		SolutionGuid = {6FBBF7A7-78A1-4EA0-AA17-CF9629691F99}
	EndGlobalSection
EndGlobal
