
Microsoft Visual Studio Solution File, Format Version 12.00
# Visual Studio Version 17
VisualStudioVersion = 17.2.32505.173
MinimumVisualStudioVersion = 10.0.40219.1
Project("{FAE04EC0-301F-11D3-BF4B-00C04F79EFBC}") = "Presentation", "Presentation\Presentation.csproj", "{E38E3B35-4476-48B8-B22B-8F15A9898413}"
EndProject
Project("{FAE04EC0-301F-11D3-BF4B-00C04F79EFBC}") = "Service", "Service\Service.csproj", "{0DCD1843-BA13-47FF-A461-9B4408A5B09D}"
EndProject
Project("{FAE04EC0-301F-11D3-BF4B-00C04F79EFBC}") = "Data", "Data\Data.csproj", "{B0A3AEF5-EA98-496D-98A1-EB03B989A753}"
EndProject
Project("{FAE04EC0-301F-11D3-BF4B-00C04F79EFBC}") = "TestPresentation", "TestPresentation\TestPresentation.csproj", "{D1F66E71-EF7C-48BB-8780-66B673817D24}"
EndProject
Global
	GlobalSection(SolutionConfigurationPlatforms) = preSolution
		Debug|Any CPU = Debug|Any CPU
		Release|Any CPU = Release|Any CPU
	EndGlobalSection
	GlobalSection(ProjectConfigurationPlatforms) = postSolution
		{E38E3B35-4476-48B8-B22B-8F15A9898413}.Debug|Any CPU.ActiveCfg = Debug|Any CPU
		{E38E3B35-4476-48B8-B22B-8F15A9898413}.Debug|Any CPU.Build.0 = Debug|Any CPU
		{E38E3B35-4476-48B8-B22B-8F15A9898413}.Release|Any CPU.ActiveCfg = Release|Any CPU
		{E38E3B35-4476-48B8-B22B-8F15A9898413}.Release|Any CPU.Build.0 = Release|Any CPU
		{0DCD1843-BA13-47FF-A461-9B4408A5B09D}.Debug|Any CPU.ActiveCfg = Debug|Any CPU
		{0DCD1843-BA13-47FF-A461-9B4408A5B09D}.Debug|Any CPU.Build.0 = Debug|Any CPU
		{0DCD1843-BA13-47FF-A461-9B4408A5B09D}.Release|Any CPU.ActiveCfg = Release|Any CPU
		{0DCD1843-BA13-47FF-A461-9B4408A5B09D}.Release|Any CPU.Build.0 = Release|Any CPU
		{B0A3AEF5-EA98-496D-98A1-EB03B989A753}.Debug|Any CPU.ActiveCfg = Debug|Any CPU
		{B0A3AEF5-EA98-496D-98A1-EB03B989A753}.Debug|Any CPU.Build.0 = Debug|Any CPU
		{B0A3AEF5-EA98-496D-98A1-EB03B989A753}.Release|Any CPU.ActiveCfg = Release|Any CPU
		{B0A3AEF5-EA98-496D-98A1-EB03B989A753}.Release|Any CPU.Build.0 = Release|Any CPU
		{D1F66E71-EF7C-48BB-8780-66B673817D24}.Debug|Any CPU.ActiveCfg = Debug|Any CPU
		{D1F66E71-EF7C-48BB-8780-66B673817D24}.Debug|Any CPU.Build.0 = Debug|Any CPU
		{D1F66E71-EF7C-48BB-8780-66B673817D24}.Release|Any CPU.ActiveCfg = Release|Any CPU
		{D1F66E71-EF7C-48BB-8780-66B673817D24}.Release|Any CPU.Build.0 = Release|Any CPU
	EndGlobalSection
	GlobalSection(SolutionProperties) = preSolution
		HideSolutionNode = FALSE
	EndGlobalSection
	GlobalSection(ExtensibilityGlobals) = postSolution
		SolutionGuid = {AB5D165F-B06B-44AE-9A36-EFE72C874D0F}
	EndGlobalSection
EndGlobal
