
Microsoft Visual Studio Solution File, Format Version 12.00
# Visual Studio Version 17
VisualStudioVersion = 17.2.32505.173
MinimumVisualStudioVersion = 10.0.40219.1
Project("{FAE04EC0-301F-11D3-BF4B-00C04F79EFBC}") = "Data", "Data\Data.csproj", "{BC1EFC89-22FB-4303-B36E-EAC8A2AFD5E3}"
EndProject
Project("{FAE04EC0-301F-11D3-BF4B-00C04F79EFBC}") = "Service", "Service\Service.csproj", "{6782EE16-8CE8-4843-AE46-550834B07D1F}"
EndProject
Project("{FAE04EC0-301F-11D3-BF4B-00C04F79EFBC}") = "Presentation", "Presentation\Presentation.csproj", "{E38E3B35-4476-48B8-B22B-8F15A9898413}"
EndProject
Project("{FAE04EC0-301F-11D3-BF4B-00C04F79EFBC}") = "TestData", "TestData\TestData.csproj", "{05CB96F4-7D0A-406B-8C2C-9B75BC3F1B93}"
EndProject
Project("{FAE04EC0-301F-11D3-BF4B-00C04F79EFBC}") = "TestPresentation", "TestPresentation\TestPresentation.csproj", "{5B1A30C8-B671-4F14-A636-664197AD92D6}"
EndProject
Project("{FAE04EC0-301F-11D3-BF4B-00C04F79EFBC}") = "TestService", "TestProject2\TestService.csproj", "{54AA0699-AD2A-416E-9E02-3F8DE58D8D17}"
EndProject
Global
	GlobalSection(SolutionConfigurationPlatforms) = preSolution
		Debug|Any CPU = Debug|Any CPU
		Release|Any CPU = Release|Any CPU
	EndGlobalSection
	GlobalSection(ProjectConfigurationPlatforms) = postSolution
		{BC1EFC89-22FB-4303-B36E-EAC8A2AFD5E3}.Debug|Any CPU.ActiveCfg = Debug|Any CPU
		{BC1EFC89-22FB-4303-B36E-EAC8A2AFD5E3}.Debug|Any CPU.Build.0 = Debug|Any CPU
		{BC1EFC89-22FB-4303-B36E-EAC8A2AFD5E3}.Release|Any CPU.ActiveCfg = Release|Any CPU
		{BC1EFC89-22FB-4303-B36E-EAC8A2AFD5E3}.Release|Any CPU.Build.0 = Release|Any CPU
		{6782EE16-8CE8-4843-AE46-550834B07D1F}.Debug|Any CPU.ActiveCfg = Debug|Any CPU
		{6782EE16-8CE8-4843-AE46-550834B07D1F}.Debug|Any CPU.Build.0 = Debug|Any CPU
		{6782EE16-8CE8-4843-AE46-550834B07D1F}.Release|Any CPU.ActiveCfg = Release|Any CPU
		{6782EE16-8CE8-4843-AE46-550834B07D1F}.Release|Any CPU.Build.0 = Release|Any CPU
		{E38E3B35-4476-48B8-B22B-8F15A9898413}.Debug|Any CPU.ActiveCfg = Debug|Any CPU
		{E38E3B35-4476-48B8-B22B-8F15A9898413}.Debug|Any CPU.Build.0 = Debug|Any CPU
		{E38E3B35-4476-48B8-B22B-8F15A9898413}.Release|Any CPU.ActiveCfg = Release|Any CPU
		{E38E3B35-4476-48B8-B22B-8F15A9898413}.Release|Any CPU.Build.0 = Release|Any CPU
		{05CB96F4-7D0A-406B-8C2C-9B75BC3F1B93}.Debug|Any CPU.ActiveCfg = Debug|Any CPU
		{05CB96F4-7D0A-406B-8C2C-9B75BC3F1B93}.Debug|Any CPU.Build.0 = Debug|Any CPU
		{05CB96F4-7D0A-406B-8C2C-9B75BC3F1B93}.Release|Any CPU.ActiveCfg = Release|Any CPU
		{05CB96F4-7D0A-406B-8C2C-9B75BC3F1B93}.Release|Any CPU.Build.0 = Release|Any CPU
		{5B1A30C8-B671-4F14-A636-664197AD92D6}.Debug|Any CPU.ActiveCfg = Debug|Any CPU
		{5B1A30C8-B671-4F14-A636-664197AD92D6}.Debug|Any CPU.Build.0 = Debug|Any CPU
		{5B1A30C8-B671-4F14-A636-664197AD92D6}.Release|Any CPU.ActiveCfg = Release|Any CPU
		{5B1A30C8-B671-4F14-A636-664197AD92D6}.Release|Any CPU.Build.0 = Release|Any CPU
		{54AA0699-AD2A-416E-9E02-3F8DE58D8D17}.Debug|Any CPU.ActiveCfg = Debug|Any CPU
		{54AA0699-AD2A-416E-9E02-3F8DE58D8D17}.Debug|Any CPU.Build.0 = Debug|Any CPU
		{54AA0699-AD2A-416E-9E02-3F8DE58D8D17}.Release|Any CPU.ActiveCfg = Release|Any CPU
		{54AA0699-AD2A-416E-9E02-3F8DE58D8D17}.Release|Any CPU.Build.0 = Release|Any CPU
	EndGlobalSection
	GlobalSection(SolutionProperties) = preSolution
		HideSolutionNode = FALSE
	EndGlobalSection
	GlobalSection(ExtensibilityGlobals) = postSolution
		SolutionGuid = {81FE1312-87B0-4459-8C97-753EC9FA2DE9}
	EndGlobalSection
EndGlobal
